# This file is automatically @generated by Cargo.
# It is not intended for manual editing.
version = 4

[[package]]
name = "account_name"
version = "0.1.0"

[[package]]
name = "add_fee"
version = "0.1.0"

[[package]]
name = "amount_or_zero"
version = "0.1.0"

[[package]]
name = "balance_book"
version = "0.1.0"

[[package]]
name = "borrowed_total"
version = "0.1.0"

[[package]]
name = "doubled_total"
version = "0.1.0"

[[package]]
name = "fee_at"
version = "0.1.0"

[[package]]
name = "fee_pair"
version = "0.1.0"

[[package]]
name = "fee_total"
version = "0.1.0"

[[package]]
name = "label_named"
version = "0.1.0"

[[package]]
name = "ledger_add"
version = "0.1.0"

[[package]]
name = "ledger_sum"
version = "0.1.0"

[[package]]
name = "ledger_total"
version = "0.1.0"

[[package]]
name = "match_guard"
version = "0.1.0"

[[package]]
name = "match_option"
version = "0.1.0"

[[package]]
name = "match_tx"
version = "0.1.0"

[[package]]
name = "number_band"
version = "0.1.0"

[[package]]
name = "option_balance"
version = "0.1.0"

[[package]]
name = "own_text"
version = "0.1.0"

[[package]]
name = "paid_count"
version = "0.1.0"

[[package]]
name = "pair_left"
version = "0.1.0"

[[package]]
name = "pair_same"
version = "0.1.0"

[[package]]
name = "parse_result"
version = "0.1.0"

[[package]]
name = "push_fee"
version = "0.1.0"

[[package]]
name = "question_mark"
version = "0.1.0"
